
Microsoft Visual Studio Solution File, Format Version 12.00
# Visual Studio Version 16
VisualStudioVersion = 16.0.29306.81
MinimumVisualStudioVersion = 10.0.40219.1
Project("{FAE04EC0-301F-11D3-BF4B-00C04F79EFBC}") = "aaaa", "aaaa\aaaa.csproj", "{FB966D88-01E0-465D-B92B-3F421832BF19}"
EndProject
Global
	GlobalSection(SolutionConfigurationPlatforms) = preSolution
		Debug|Any CPU = Debug|Any CPU
		Release|Any CPU = Release|Any CPU
	EndGlobalSection
	GlobalSection(ProjectConfigurationPlatforms) = postSolution
		{FB966D88-01E0-465D-B92B-3F421832BF19}.Debug|Any CPU.ActiveCfg = Debug|Any CPU
		{FB966D88-01E0-465D-B92B-3F421832BF19}.Debug|Any CPU.Build.0 = Debug|Any CPU
		{FB966D88-01E0-465D-B92B-3F421832BF19}.Release|Any CPU.ActiveCfg = Release|Any CPU
		{FB966D88-01E0-465D-B92B-3F421832BF19}.Release|Any CPU.Build.0 = Release|Any CPU
	EndGlobalSection
	GlobalSection(SolutionProperties) = preSolution
		HideSolutionNode = FALSE
	EndGlobalSection
	GlobalSection(ExtensibilityGlobals) = postSolution
		SolutionGuid = {E18CCEA2-B158-469F-B7F7-A044F98265DA}
	EndGlobalSection
EndGlobal
